{
  "nodes": {
    "flake-parts": {
      "inputs": {
        "nixpkgs-lib": [
          "nixpkgs"
        ]
      },
      "locked": {
        "lastModified": 1743550720,
        "narHash": "sha256-hIshGgKZCgWh6AYJpJmRgFdR3WUbkY04o82X05xqQiY=",
        "owner": "hercules-ci",
        "repo": "flake-parts",
        "rev": "c621e8422220273271f52058f618c94e405bb0f5",
        "type": "github"
      },
      "original": {
        "owner": "hercules-ci",
        "repo": "flake-parts",
        "type": "github"
      }
    },
    "fourmolu-nix": {
      "locked": {
        "lastModified": 1707266073,
        "narHash": "sha256-tCFzZQJicDdYjnuJiNK4hiiRAH7c2wQzMhOCdUMbVKE=",
        "owner": "jedimahdi",
        "repo": "fourmolu-nix",
        "rev": "717f5a91b0d7b97b1be7ecc3a0fd42d37ffe1c9b",
        "type": "github"
      },
      "original": {
        "owner": "jedimahdi",
        "repo": "fourmolu-nix",
        "type": "github"
      }
    },
    "git-hooks-nix": {
      "flake": false,
      "locked": {
        "lastModified": 1790091288,
        "narHash": "sha256-2dUuLTiQrf2gUFVLlayDq/hgluitplAMv6Y9bYwQQ+c=",
        "owner": "cachix",
        "repo": "git-hooks.nix",
        "rev": "0d3997c4d3253505f77c9bcea63904bb575da3c5",
        "type": "github"
      },
      "original": {
        "owner": "cachix",
        "repo": "git-hooks.nix",
        "type": "github"
      }
    },
    "haskell-flake": {
      "locked": {
        "lastModified": 1785340889,
        "narHash": "sha256-W3VSD3CKNF/WSLwS+A4ru1pXb2J8GN1xi4MjWacpwJA=",
        "owner": "srid",
        "repo": "haskell-flake",
        "rev": "ec69967e95d7e93b58d9f7cdd384432cb42d37ee",
        "type": "github"
      },
      "original": {
        "owner": "srid",
        "repo": "haskell-flake",
        "type": "github"
      }
    },
    "nixos-unified": {
      "locked": {
        "lastModified": 1745965553,
        "narHash": "sha256-Dffk3pP0/ibGLtGn4yVYgFDeyE+Y29cVtFTU2JutSME=",
        "owner": "srid",
        "repo": "nixos-unified",
        "rev": "66ed53ebd5580e07963f8f2fc6a6e7160af9f4d4",
        "type": "github"
      },
      "original": {
        "owner": "srid",
        "repo": "nixos-unified",
        "type": "github"
      }
    },
    "nixpkgs": {
      "locked": {
        "lastModified": 1790238896,
        "narHash": "sha256-ym4BG18Pu2awiJIehla1Lo9xiB2QYRcCzW3SB74gEBY=",
        "owner": "nixos",
        "repo": "nixpkgs",
        "rev": "34ca302a9572963c02e385c056be37c85ff51b77",
        "type": "github"
      },
      "original": {
        "owner": "nixos",
        "ref": "nixpkgs-unstable",
        "repo": "nixpkgs",
        "type": "github"
      }
    },
    "root": {
      "inputs": {
        "flake-parts": "flake-parts",
        "fourmolu-nix": "fourmolu-nix",
        "git-hooks-nix": "git-hooks-nix",
        "haskell-flake": "haskell-flake",
        "nixos-unified": "nixos-unified",
        "nixpkgs": "nixpkgs"
      }
    }
  },
  "root": "root",
  "version": 7
}
